// !$*UTF8*$!
{
	archiveVersion = 1;
	classes = {
	};
	objectVersion = 55;
	objects = {

/* Begin PBXBuildFile section */
		186985F928F961FB001A9566 /* AppDelegate.swift in Sources */ = {isa = PBXBuildFile; fileRef = 186985F828F961FB001A9566 /* AppDelegate.swift */; };
		186985FB28F961FB001A9566 /* SceneDelegate.swift in Sources */ = {isa = PBXBuildFile; fileRef = 186985FA28F961FB001A9566 /* SceneDelegate.swift */; };
		186985FD28F961FB001A9566 /* ViewController.swift in Sources */ = {isa = PBXBuildFile; fileRef = 186985FC28F961FB001A9566 /* ViewController.swift */; };
		1869860028F961FB001A9566 /* Main.storyboard in Resources */ = {isa = PBXBuildFile; fileRef = 186985FE28F961FB001A9566 /* Main.storyboard */; };
		1869860228F961FC001A9566 /* Assets.xcassets in Resources */ = {isa = PBXBuildFile; fileRef = 1869860128F961FC001A9566 /* Assets.xcassets */; };
		1869860528F961FC001A9566 /* LaunchScreen.storyboard in Resources */ = {isa = PBXBuildFile; fileRef = 1869860328F961FC001A9566 /* LaunchScreen.storyboard */; };
		1869861028F961FD001A9566 /* DTCCalendarViewDemoTests.swift in Sources */ = {isa = PBXBuildFile; fileRef = 1869860F28F961FD001A9566 /* DTCCalendarViewDemoTests.swift */; };
		1869861A28F961FD001A9566 /* DTCCalendarViewDemoUITests.swift in Sources */ = {isa = PBXBuildFile; fileRef = 1869861928F961FD001A9566 /* DTCCalendarViewDemoUITests.swift */; };
		1869861C28F961FD001A9566 /* DTCCalendarViewDemoUITestsLaunchTests.swift in Sources */ = {isa = PBXBuildFile; fileRef = 1869861B28F961FD001A9566 /* DTCCalendarViewDemoUITestsLaunchTests.swift */; };
		1869862A28F963AD001A9566 /* DTCCalendar.xcframework in Frameworks */ = {isa = PBXBuildFile; fileRef = 1869862828F963A8001A9566 /* DTCCalendar.xcframework */; };
		1869862B28F963AD001A9566 /* DTCCalendar.xcframework in Embed Frameworks */ = {isa = PBXBuildFile; fileRef = 1869862828F963A8001A9566 /* DTCCalendar.xcframework */; settings = {ATTRIBUTES = (CodeSignOnCopy, RemoveHeadersOnCopy, ); }; };
/* End PBXBuildFile section */

/* Begin PBXContainerItemProxy section */
		1869860C28F961FD001A9566 /* PBXContainerItemProxy */ = {
			isa = PBXContainerItemProxy;
			containerPortal = 186985ED28F961FB001A9566 /* Project object */;
			proxyType = 1;
			remoteGlobalIDString = 186985F428F961FB001A9566;
			remoteInfo = DTCCalendarViewDemo;
		};
		1869861628F961FD001A9566 /* PBXContainerItemProxy */ = {
			isa = PBXContainerItemProxy;
			containerPortal = 186985ED28F961FB001A9566 /* Project object */;
			proxyType = 1;
			remoteGlobalIDString = 186985F428F961FB001A9566;
			remoteInfo = DTCCalendarViewDemo;
		};
/* End PBXContainerItemProxy section */

/* Begin PBXCopyFilesBuildPhase section */
		1869862C28F963AD001A9566 /* Embed Frameworks */ = {
			isa = PBXCopyFilesBuildPhase;
			buildActionMask = 2147483647;
			dstPath = "";
			dstSubfolderSpec = 10;
			files = (
				1869862B28F963AD001A9566 /* DTCCalendar.xcframework in Embed Frameworks */,
			);
			name = "Embed Frameworks";
			runOnlyForDeploymentPostprocessing = 0;
		};
/* End PBXCopyFilesBuildPhase section */

/* Begin PBXFileReference section */
		186985F528F961FB001A9566 /* DTCCalendarViewDemo.app */ = {isa = PBXFileReference; explicitFileType = wrapper.application; includeInIndex = 0; path = DTCCalendarViewDemo.app; sourceTree = BUILT_PRODUCTS_DIR; };
		186985F828F961FB001A9566 /* AppDelegate.swift */ = {isa = PBXFileReference; lastKnownFileType = sourcecode.swift; path = AppDelegate.swift; sourceTree = "<group>"; };
		186985FA28F961FB001A9566 /* SceneDelegate.swift */ = {isa = PBXFileReference; lastKnownFileType = sourcecode.swift; path = SceneDelegate.swift; sourceTree = "<group>"; };
		186985FC28F961FB001A9566 /* ViewController.swift */ = {isa = PBXFileReference; lastKnownFileType = sourcecode.swift; path = ViewController.swift; sourceTree = "<group>"; };
		186985FF28F961FB001A9566 /* Base */ = {isa = PBXFileReference; lastKnownFileType = file.storyboard; name = Base; path = Base.lproj/Main.storyboard; sourceTree = "<group>"; };
		1869860128F961FC001A9566 /* Assets.xcassets */ = {isa = PBXFileReference; lastKnownFileType = folder.assetcatalog; path = Assets.xcassets; sourceTree = "<group>"; };
		1869860428F961FC001A9566 /* Base */ = {isa = PBXFileReference; lastKnownFileType = file.storyboard; name = Base; path = Base.lproj/LaunchScreen.storyboard; sourceTree = "<group>"; };
		1869860628F961FC001A9566 /* Info.plist */ = {isa = PBXFileReference; lastKnownFileType = text.plist.xml; path = Info.plist; sourceTree = "<group>"; };
		1869860B28F961FD001A9566 /* DTCCalendarViewDemoTests.xctest */ = {isa = PBXFileReference; explicitFileType = wrapper.cfbundle; includeInIndex = 0; path = DTCCalendarViewDemoTests.xctest; sourceTree = BUILT_PRODUCTS_DIR; };
		1869860F28F961FD001A9566 /* DTCCalendarViewDemoTests.swift */ = {isa = PBXFileReference; lastKnownFileType = sourcecode.swift; path = DTCCalendarViewDemoTests.swift; sourceTree = "<group>"; };
		1869861528F961FD001A9566 /* DTCCalendarViewDemoUITests.xctest */ = {isa = PBXFileReference; explicitFileType = wrapper.cfbundle; includeInIndex = 0; path = DTCCalendarViewDemoUITests.xctest; sourceTree = BUILT_PRODUCTS_DIR; };
		1869861928F961FD001A9566 /* DTCCalendarViewDemoUITests.swift */ = {isa = PBXFileReference; lastKnownFileType = sourcecode.swift; path = DTCCalendarViewDemoUITests.swift; sourceTree = "<group>"; };
		1869861B28F961FD001A9566 /* DTCCalendarViewDemoUITestsLaunchTests.swift */ = {isa = PBXFileReference; lastKnownFileType = sourcecode.swift; path = DTCCalendarViewDemoUITestsLaunchTests.swift; sourceTree = "<group>"; };
		1869862828F963A8001A9566 /* DTCCalendar.xcframework */ = {isa = PBXFileReference; lastKnownFileType = wrapper.xcframework; path = DTCCalendar.xcframework; sourceTree = "<group>"; };
/* End PBXFileReference section */

/* Begin PBXFrameworksBuildPhase section */
		186985F228F961FB001A9566 /* Frameworks */ = {
			isa = PBXFrameworksBuildPhase;
			buildActionMask = 2147483647;
			files = (
				1869862A28F963AD001A9566 /* DTCCalendar.xcframework in Frameworks */,
			);
			runOnlyForDeploymentPostprocessing = 0;
		};
		1869860828F961FD001A9566 /* Frameworks */ = {
			isa = PBXFrameworksBuildPhase;
			buildActionMask = 2147483647;
			files = (
			);
			runOnlyForDeploymentPostprocessing = 0;
		};
		1869861228F961FD001A9566 /* Frameworks */ = {
			isa = PBXFrameworksBuildPhase;
			buildActionMask = 2147483647;
			files = (
			);
			runOnlyForDeploymentPostprocessing = 0;
		};
/* End PBXFrameworksBuildPhase section */

/* Begin PBXGroup section */
		186985EC28F961FB001A9566 = {
			isa = PBXGroup;
			children = (
				186985F728F961FB001A9566 /* DTCCalendarViewDemo */,
				1869860E28F961FD001A9566 /* DTCCalendarViewDemoTests */,
				1869861828F961FD001A9566 /* DTCCalendarViewDemoUITests */,
				186985F628F961FB001A9566 /* Products */,
			);
			sourceTree = "<group>";
		};
		186985F628F961FB001A9566 /* Products */ = {
			isa = PBXGroup;
			children = (
				186985F528F961FB001A9566 /* DTCCalendarViewDemo.app */,
				1869860B28F961FD001A9566 /* DTCCalendarViewDemoTests.xctest */,
				1869861528F961FD001A9566 /* DTCCalendarViewDemoUITests.xctest */,
			);
			name = Products;
			sourceTree = "<group>";
		};
		186985F728F961FB001A9566 /* DTCCalendarViewDemo */ = {
			isa = PBXGroup;
			children = (
				186985F828F961FB001A9566 /* AppDelegate.swift */,
				186985FA28F961FB001A9566 /* SceneDelegate.swift */,
				186985FC28F961FB001A9566 /* ViewController.swift */,
				186985FE28F961FB001A9566 /* Main.storyboard */,
				1869860128F961FC001A9566 /* Assets.xcassets */,
				1869860328F961FC001A9566 /* LaunchScreen.storyboard */,
				1869862828F963A8001A9566 /* DTCCalendar.xcframework */,
				1869860628F961FC001A9566 /* Info.plist */,
			);
			path = DTCCalendarViewDemo;
			sourceTree = "<group>";
		};
		1869860E28F961FD001A9566 /* DTCCalendarViewDemoTests */ = {
			isa = PBXGroup;
			children = (
				1869860F28F961FD001A9566 /* DTCCalendarViewDemoTests.swift */,
			);
			path = DTCCalendarViewDemoTests;
			sourceTree = "<group>";
		};
		1869861828F961FD001A9566 /* DTCCalendarViewDemoUITests */ = {
			isa = PBXGroup;
			children = (
				1869861928F961FD001A9566 /* DTCCalendarViewDemoUITests.swift */,
				1869861B28F961FD001A9566 /* DTCCalendarViewDemoUITestsLaunchTests.swift */,
			);
			path = DTCCalendarViewDemoUITests;
			sourceTree = "<group>";
		};
/* End PBXGroup section */

/* Begin PBXNativeTarget section */
		186985F428F961FB001A9566 /* DTCCalendarViewDemo */ = {
			isa = PBXNativeTarget;
			buildConfigurationList = 1869861F28F961FD001A9566 /* Build configuration list for PBXNativeTarget "DTCCalendarViewDemo" */;
			buildPhases = (
				186985F128F961FB001A9566 /* Sources */,
				186985F228F961FB001A9566 /* Frameworks */,
				186985F328F961FB001A9566 /* Resources */,
				1869862C28F963AD001A9566 /* Embed Frameworks */,
			);
			buildRules = (
			);
			dependencies = (
			);
			name = DTCCalendarViewDemo;
			productName = DTCCalendarViewDemo;
			productReference = 186985F528F961FB001A9566 /* DTCCalendarViewDemo.app */;
			productType = "com.apple.product-type.application";
		};
		1869860A28F961FD001A9566 /* DTCCalendarViewDemoTests */ = {
			isa = PBXNativeTarget;
			buildConfigurationList = 1869862228F961FD001A9566 /* Build configuration list for PBXNativeTarget "DTCCalendarViewDemoTests" */;
			buildPhases = (
				1869860728F961FD001A9566 /* Sources */,
				1869860828F961FD001A9566 /* Frameworks */,
				1869860928F961FD001A9566 /* Resources */,
			);
			buildRules = (
			);
			dependencies = (
				1869860D28F961FD001A9566 /* PBXTargetDependency */,
			);
			name = DTCCalendarViewDemoTests;
			productName = DTCCalendarViewDemoTests;
			productReference = 1869860B28F961FD001A9566 /* DTCCalendarViewDemoTests.xctest */;
			productType = "com.apple.product-type.bundle.unit-test";
		};
		1869861428F961FD001A9566 /* DTCCalendarViewDemoUITests */ = {
			isa = PBXNativeTarget;
			buildConfigurationList = 1869862528F961FD001A9566 /* Build configuration list for PBXNativeTarget "DTCCalendarViewDemoUITests" */;
			buildPhases = (
				1869861128F961FD001A9566 /* Sources */,
				1869861228F961FD001A9566 /* Frameworks */,
				1869861328F961FD001A9566 /* Resources */,
			);
			buildRules = (
			);
			dependencies = (
				1869861728F961FD001A9566 /* PBXTargetDependency */,
			);
			name = DTCCalendarViewDemoUITests;
			productName = DTCCalendarViewDemoUITests;
			productReference = 1869861528F961FD001A9566 /* DTCCalendarViewDemoUITests.xctest */;
			productType = "com.apple.product-type.bundle.ui-testing";
		};
/* End PBXNativeTarget section */

/* Begin PBXProject section */
		186985ED28F961FB001A9566 /* Project object */ = {
			isa = PBXProject;
			attributes = {
				BuildIndependentTargetsInParallel = 1;
				LastSwiftUpdateCheck = 1330;
				LastUpgradeCheck = 1330;
				TargetAttributes = {
					186985F428F961FB001A9566 = {
						CreatedOnToolsVersion = 13.3;
					};
					1869860A28F961FD001A9566 = {
						CreatedOnToolsVersion = 13.3;
						TestTargetID = 186985F428F961FB001A9566;
					};
					1869861428F961FD001A9566 = {
						CreatedOnToolsVersion = 13.3;
						TestTargetID = 186985F428F961FB001A9566;
					};
				};
			};
			buildConfigurationList = 186985F028F961FB001A9566 /* Build configuration list for PBXProject "DTCCalendarViewDemo" */;
			compatibilityVersion = "Xcode 13.0";
			developmentRegion = en;
			hasScannedForEncodings = 0;
			knownRegions = (
				en,
				Base,
			);
			mainGroup = 186985EC28F961FB001A9566;
			productRefGroup = 186985F628F961FB001A9566 /* Products */;
			projectDirPath = "";
			projectRoot = "";
			targets = (
				186985F428F961FB001A9566 /* DTCCalendarViewDemo */,
				1869860A28F961FD001A9566 /* DTCCalendarViewDemoTests */,
				1869861428F961FD001A9566 /* DTCCalendarViewDemoUITests */,
			);
		};
/* End PBXProject section */

/* Begin PBXResourcesBuildPhase section */
		186985F328F961FB001A9566 /* Resources */ = {
			isa = PBXResourcesBuildPhase;
			buildActionMask = 2147483647;
			files = (
				1869860528F961FC001A9566 /* LaunchScreen.storyboard in Resources */,
				1869860228F961FC001A9566 /* Assets.xcassets in Resources */,
				1869860028F961FB001A9566 /* Main.storyboard in Resources */,
			);
			runOnlyForDeploymentPostprocessing = 0;
		};
		1869860928F961FD001A9566 /* Resources */ = {
			isa = PBXResourcesBuildPhase;
			buildActionMask = 2147483647;
			files = (
			);
			runOnlyForDeploymentPostprocessing = 0;
		};
		1869861328F961FD001A9566 /* Resources */ = {
			isa = PBXResourcesBuildPhase;
			buildActionMask = 2147483647;
			files = (
			);
			runOnlyForDeploymentPostprocessing = 0;
		};
/* End PBXResourcesBuildPhase section */

/* Begin PBXSourcesBuildPhase section */
		186985F128F961FB001A9566 /* Sources */ = {
			isa = PBXSourcesBuildPhase;
			buildActionMask = 2147483647;
			files = (
				186985FD28F961FB001A9566 /* ViewController.swift in Sources */,
				186985F928F961FB001A9566 /* AppDelegate.swift in Sources */,
				186985FB28F961FB001A9566 /* SceneDelegate.swift in Sources */,
			);
			runOnlyForDeploymentPostprocessing = 0;
		};
		1869860728F961FD001A9566 /* Sources */ = {
			isa = PBXSourcesBuildPhase;
			buildActionMask = 2147483647;
			files = (
				1869861028F961FD001A9566 /* DTCCalendarViewDemoTests.swift in Sources */,
			);
			runOnlyForDeploymentPostprocessing = 0;
		};
		1869861128F961FD001A9566 /* Sources */ = {
			isa = PBXSourcesBuildPhase;
			buildActionMask = 2147483647;
			files = (
				1869861C28F961FD001A9566 /* DTCCalendarViewDemoUITestsLaunchTests.swift in Sources */,
				1869861A28F961FD001A9566 /* DTCCalendarViewDemoUITests.swift in Sources */,
			);
			runOnlyForDeploymentPostprocessing = 0;
		};
/* End PBXSourcesBuildPhase section */

/* Begin PBXTargetDependency section */
		1869860D28F961FD001A9566 /* PBXTargetDependency */ = {
			isa = PBXTargetDependency;
			target = 186985F428F961FB001A9566 /* DTCCalendarViewDemo */;
			targetProxy = 1869860C28F961FD001A9566 /* PBXContainerItemProxy */;
		};
		1869861728F961FD001A9566 /* PBXTargetDependency */ = {
			isa = PBXTargetDependency;
			target = 186985F428F961FB001A9566 /* DTCCalendarViewDemo */;
			targetProxy = 1869861628F961FD001A9566 /* PBXContainerItemProxy */;
		};
/* End PBXTargetDependency section */

/* Begin PBXVariantGroup section */
		186985FE28F961FB001A9566 /* Main.storyboard */ = {
			isa = PBXVariantGroup;
			children = (
				186985FF28F961FB001A9566 /* Base */,
			);
			name = Main.storyboard;
			sourceTree = "<group>";
		};
		1869860328F961FC001A9566 /* LaunchScreen.storyboard */ = {
			isa = PBXVariantGroup;
			children = (
				1869860428F961FC001A9566 /* Base */,
			);
			name = LaunchScreen.storyboard;
			sourceTree = "<group>";
		};
/* End PBXVariantGroup section */

/* Begin XCBuildConfiguration section */
		1869861D28F961FD001A9566 /* Debug */ = {
			isa = XCBuildConfiguration;
			buildSettings = {
				ALWAYS_SEARCH_USER_PATHS = NO;
				CLANG_ANALYZER_NONNULL = YES;
				CLANG_ANALYZER_NUMBER_OBJECT_CONVERSION = YES_AGGRESSIVE;
				CLANG_CXX_LANGUAGE_STANDARD = "gnu++17";
				CLANG_ENABLE_MODULES = YES;
				CLANG_ENABLE_OBJC_ARC = YES;
				CLANG_ENABLE_OBJC_WEAK = YES;
				CLANG_WARN_BLOCK_CAPTURE_AUTORELEASING = YES;
				CLANG_WARN_BOOL_CONVERSION = YES;
				CLANG_WARN_COMMA = YES;
				CLANG_WARN_CONSTANT_CONVERSION = YES;
				CLANG_WARN_DEPRECATED_OBJC_IMPLEMENTATIONS = YES;
				CLANG_WARN_DIRECT_OBJC_ISA_USAGE = YES_ERROR;
				CLANG_WARN_DOCUMENTATION_COMMENTS = YES;
				CLANG_WARN_EMPTY_BODY = YES;
				CLANG_WARN_ENUM_CONVERSION = YES;
				CLANG_WARN_INFINITE_RECURSION = YES;
				CLANG_WARN_INT_CONVERSION = YES;
				CLANG_WARN_NON_LITERAL_NULL_CONVERSION = YES;
				CLANG_WARN_OBJC_IMPLICIT_RETAIN_SELF = YES;
				CLANG_WARN_OBJC_LITERAL_CONVERSION = YES;
				CLANG_WARN_OBJC_ROOT_CLASS = YES_ERROR;
				CLANG_WARN_QUOTED_INCLUDE_IN_FRAMEWORK_HEADER = YES;
				CLANG_WARN_RANGE_LOOP_ANALYSIS = YES;
				CLANG_WARN_STRICT_PROTOTYPES = YES;
				CLANG_WARN_SUSPICIOUS_MOVE = YES;
				CLANG_WARN_UNGUARDED_AVAILABILITY = YES_AGGRESSIVE;
				CLANG_WARN_UNREACHABLE_CODE = YES;
				CLANG_WARN__DUPLICATE_METHOD_MATCH = YES;
				COPY_PHASE_STRIP = NO;
				DEBUG_INFORMATION_FORMAT = dwarf;
				ENABLE_STRICT_OBJC_MSGSEND = YES;
				ENABLE_TESTABILITY = YES;
				GCC_C_LANGUAGE_STANDARD = gnu11;
				GCC_DYNAMIC_NO_PIC = NO;
				GCC_NO_COMMON_BLOCKS = YES;
				GCC_OPTIMIZATION_LEVEL = 0;
				GCC_PREPROCESSOR_DEFINITIONS = (
					"DEBUG=1",
					"$(inherited)",
				);
				GCC_WARN_64_TO_32_BIT_CONVERSION = YES;
				GCC_WARN_ABOUT_RETURN_TYPE = YES_ERROR;
				GCC_WARN_UNDECLARED_SELECTOR = YES;
				GCC_WARN_UNINITIALIZED_AUTOS = YES_AGGRESSIVE;
				GCC_WARN_UNUSED_FUNCTION = YES;
				GCC_WARN_UNUSED_VARIABLE = YES;
				IPHONEOS_DEPLOYMENT_TARGET = 15.4;
				MTL_ENABLE_DEBUG_INFO = INCLUDE_SOURCE;
				MTL_FAST_MATH = YES;
				ONLY_ACTIVE_ARCH = YES;
				SDKROOT = iphoneos;
				SWIFT_ACTIVE_COMPILATION_CONDITIONS = DEBUG;
				SWIFT_OPTIMIZATION_LEVEL = "-Onone";
			};
			name = Debug;
		};
		1869861E28F961FD001A9566 /* Release */ = {
			isa = XCBuildConfiguration;
			buildSettings = {
				ALWAYS_SEARCH_USER_PATHS = NO;
				CLANG_ANALYZER_NONNULL = YES;
				CLANG_ANALYZER_NUMBER_OBJECT_CONVERSION = YES_AGGRESSIVE;
				CLANG_CXX_LANGUAGE_STANDARD = "gnu++17";
				CLANG_ENABLE_MODULES = YES;
				CLANG_ENABLE_OBJC_ARC = YES;
				CLANG_ENABLE_OBJC_WEAK = YES;
				CLANG_WARN_BLOCK_CAPTURE_AUTORELEASING = YES;
				CLANG_WARN_BOOL_CONVERSION = YES;
				CLANG_WARN_COMMA = YES;
				CLANG_WARN_CONSTANT_CONVERSION = YES;
				CLANG_WARN_DEPRECATED_OBJC_IMPLEMENTATIONS = YES;
				CLANG_WARN_DIRECT_OBJC_ISA_USAGE = YES_ERROR;
				CLANG_WARN_DOCUMENTATION_COMMENTS = YES;
				CLANG_WARN_EMPTY_BODY = YES;
				CLANG_WARN_ENUM_CONVERSION = YES;
				CLANG_WARN_INFINITE_RECURSION = YES;
				CLANG_WARN_INT_CONVERSION = YES;
				CLANG_WARN_NON_LITERAL_NULL_CONVERSION = YES;
				CLANG_WARN_OBJC_IMPLICIT_RETAIN_SELF = YES;
				CLANG_WARN_OBJC_LITERAL_CONVERSION = YES;
				CLANG_WARN_OBJC_ROOT_CLASS = YES_ERROR;
				CLANG_WARN_QUOTED_INCLUDE_IN_FRAMEWORK_HEADER = YES;
				CLANG_WARN_RANGE_LOOP_ANALYSIS = YES;
				CLANG_WARN_STRICT_PROTOTYPES = YES;
				CLANG_WARN_SUSPICIOUS_MOVE = YES;
				CLANG_WARN_UNGUARDED_AVAILABILITY = YES_AGGRESSIVE;
				CLANG_WARN_UNREACHABLE_CODE = YES;
				CLANG_WARN__DUPLICATE_METHOD_MATCH = YES;
				COPY_PHASE_STRIP = NO;
				DEBUG_INFORMATION_FORMAT = "dwarf-with-dsym";
				ENABLE_NS_ASSERTIONS = NO;
				ENABLE_STRICT_OBJC_MSGSEND = YES;
				GCC_C_LANGUAGE_STANDARD = gnu11;
				GCC_NO_COMMON_BLOCKS = YES;
				GCC_WARN_64_TO_32_BIT_CONVERSION = YES;
				GCC_WARN_ABOUT_RETURN_TYPE = YES_ERROR;
				GCC_WARN_UNDECLARED_SELECTOR = YES;
				GCC_WARN_UNINITIALIZED_AUTOS = YES_AGGRESSIVE;
				GCC_WARN_UNUSED_FUNCTION = YES;
				GCC_WARN_UNUSED_VARIABLE = YES;
				IPHONEOS_DEPLOYMENT_TARGET = 15.4;
				MTL_ENABLE_DEBUG_INFO = NO;
				MTL_FAST_MATH = YES;
				SDKROOT = iphoneos;
				SWIFT_COMPILATION_MODE = wholemodule;
				SWIFT_OPTIMIZATION_LEVEL = "-O";
				VALIDATE_PRODUCT = YES;
			};
			name = Release;
		};
		1869862028F961FD001A9566 /* Debug */ = {
			isa = XCBuildConfiguration;
			buildSettings = {
				ASSETCATALOG_COMPILER_APPICON_NAME = AppIcon;
				ASSETCATALOG_COMPILER_GLOBAL_ACCENT_COLOR_NAME = AccentColor;
				CODE_SIGN_STYLE = Manual;
				CURRENT_PROJECT_VERSION = 1;
				DEVELOPMENT_TEAM = "";
				GENERATE_INFOPLIST_FILE = YES;
				INFOPLIST_FILE = DTCCalendarViewDemo/Info.plist;
				INFOPLIST_KEY_CFBundleDisplayName = DTCCalendarViewDemo;
				INFOPLIST_KEY_UIApplicationSupportsIndirectInputEvents = YES;
				INFOPLIST_KEY_UILaunchStoryboardName = LaunchScreen;
				INFOPLIST_KEY_UIMainStoryboardFile = Main;
				INFOPLIST_KEY_UISupportedInterfaceOrientations_iPad = "UIInterfaceOrientationPortrait UIInterfaceOrientationPortraitUpsideDown UIInterfaceOrientationLandscapeLeft UIInterfaceOrientationLandscapeRight";
				INFOPLIST_KEY_UISupportedInterfaceOrientations_iPhone = "UIInterfaceOrientationPortrait UIInterfaceOrientationLandscapeLeft UIInterfaceOrientationLandscapeRight";
				IPHONEOS_DEPLOYMENT_TARGET = 13.0;
				LD_RUNPATH_SEARCH_PATHS = (
					"$(inherited)",
					"@executable_path/Frameworks",
				);
				MARKETING_VERSION = 1.0;
				PRODUCT_BUNDLE_IDENTIFIER = com.DTCCalendar.DTCCalendarViewDemo;
				PRODUCT_NAME = "$(TARGET_NAME)";
				PROVISIONING_PROFILE_SPECIFIER = "";
				SWIFT_EMIT_LOC_STRINGS = YES;
				SWIFT_VERSION = 5.0;
				TARGETED_DEVICE_FAMILY = "1,2";
			};
			name = Debug;
		};
		1869862128F961FD001A9566 /* Release */ = {
			isa = XCBuildConfiguration;
			buildSettings = {
				ASSETCATALOG_COMPILER_APPICON_NAME = AppIcon;
				ASSETCATALOG_COMPILER_GLOBAL_ACCENT_COLOR_NAME = AccentColor;
				CODE_SIGN_STYLE = Manual;
				CURRENT_PROJECT_VERSION = 1;
				DEVELOPMENT_TEAM = "";
				GENERATE_INFOPLIST_FILE = YES;
				INFOPLIST_FILE = DTCCalendarViewDemo/Info.plist;
				INFOPLIST_KEY_CFBundleDisplayName = DTCCalendarViewDemo;
				INFOPLIST_KEY_UIApplicationSupportsIndirectInputEvents = YES;
				INFOPLIST_KEY_UILaunchStoryboardName = LaunchScreen;
				INFOPLIST_KEY_UIMainStoryboardFile = Main;
				INFOPLIST_KEY_UISupportedInterfaceOrientations_iPad = "UIInterfaceOrientationPortrait UIInterfaceOrientationPortraitUpsideDown UIInterfaceOrientationLandscapeLeft UIInterfaceOrientationLandscapeRight";
				INFOPLIST_KEY_UISupportedInterfaceOrientations_iPhone = "UIInterfaceOrientationPortrait UIInterfaceOrientationLandscapeLeft UIInterfaceOrientationLandscapeRight";
				IPHONEOS_DEPLOYMENT_TARGET = 13.0;
				LD_RUNPATH_SEARCH_PATHS = (
					"$(inherited)",
					"@executable_path/Frameworks",
				);
				MARKETING_VERSION = 1.0;
				PRODUCT_BUNDLE_IDENTIFIER = com.DTCCalendar.DTCCalendarViewDemo;
				PRODUCT_NAME = "$(TARGET_NAME)";
				PROVISIONING_PROFILE_SPECIFIER = "";
				SWIFT_EMIT_LOC_STRINGS = YES;
				SWIFT_VERSION = 5.0;
				TARGETED_DEVICE_FAMILY = "1,2";
			};
			name = Release;
		};
		1869862328F961FD001A9566 /* Debug */ = {
			isa = XCBuildConfiguration;
			buildSettings = {
				ALWAYS_EMBED_SWIFT_STANDARD_LIBRARIES = YES;
				BUNDLE_LOADER = "$(TEST_HOST)";
				CODE_SIGN_STYLE = Automatic;
				CURRENT_PROJECT_VERSION = 1;
				DEVELOPMENT_TEAM = J8Z54659P7;
				GENERATE_INFOPLIST_FILE = YES;
				IPHONEOS_DEPLOYMENT_TARGET = 15.4;
				MARKETING_VERSION = 1.0;
				PRODUCT_BUNDLE_IDENTIFIER = com.DTCCalendar.DTCCalendarViewDemoTests;
				PRODUCT_NAME = "$(TARGET_NAME)";
				SWIFT_EMIT_LOC_STRINGS = NO;
				SWIFT_VERSION = 5.0;
				TARGETED_DEVICE_FAMILY = "1,2";
				TEST_HOST = "$(BUILT_PRODUCTS_DIR)/DTCCalendarViewDemo.app/DTCCalendarViewDemo";
			};
			name = Debug;
		};
		1869862428F961FD001A9566 /* Release */ = {
			isa = XCBuildConfiguration;
			buildSettings = {
				ALWAYS_EMBED_SWIFT_STANDARD_LIBRARIES = YES;
				BUNDLE_LOADER = "$(TEST_HOST)";
				CODE_SIGN_STYLE = Automatic;
				CURRENT_PROJECT_VERSION = 1;
				DEVELOPMENT_TEAM = J8Z54659P7;
				GENERATE_INFOPLIST_FILE = YES;
				IPHONEOS_DEPLOYMENT_TARGET = 15.4;
				MARKETING_VERSION = 1.0;
				PRODUCT_BUNDLE_IDENTIFIER = com.DTCCalendar.DTCCalendarViewDemoTests;
				PRODUCT_NAME = "$(TARGET_NAME)";
				SWIFT_EMIT_LOC_STRINGS = NO;
				SWIFT_VERSION = 5.0;
				TARGETED_DEVICE_FAMILY = "1,2";
				TEST_HOST = "$(BUILT_PRODUCTS_DIR)/DTCCalendarViewDemo.app/DTCCalendarViewDemo";
			};
			name = Release;
		};
		1869862628F961FD001A9566 /* Debug */ = {
			isa = XCBuildConfiguration;
			buildSettings = {
				ALWAYS_EMBED_SWIFT_STANDARD_LIBRARIES = YES;
				CODE_SIGN_STYLE = Automatic;
				CURRENT_PROJECT_VERSION = 1;
				DEVELOPMENT_TEAM = J8Z54659P7;
				GENERATE_INFOPLIST_FILE = YES;
				MARKETING_VERSION = 1.0;
				PRODUCT_BUNDLE_IDENTIFIER = com.DTCCalendar.DTCCalendarViewDemoUITests;
				PRODUCT_NAME = "$(TARGET_NAME)";
				SWIFT_EMIT_LOC_STRINGS = NO;
				SWIFT_VERSION = 5.0;
				TARGETED_DEVICE_FAMILY = "1,2";
				TEST_TARGET_NAME = DTCCalendarViewDemo;
			};
			name = Debug;
		};
		1869862728F961FD001A9566 /* Release */ = {
			isa = XCBuildConfiguration;
			buildSettings = {
				ALWAYS_EMBED_SWIFT_STANDARD_LIBRARIES = YES;
				CODE_SIGN_STYLE = Automatic;
				CURRENT_PROJECT_VERSION = 1;
				DEVELOPMENT_TEAM = J8Z54659P7;
				GENERATE_INFOPLIST_FILE = YES;
				MARKETING_VERSION = 1.0;
				PRODUCT_BUNDLE_IDENTIFIER = com.DTCCalendar.DTCCalendarViewDemoUITests;
				PRODUCT_NAME = "$(TARGET_NAME)";
				SWIFT_EMIT_LOC_STRINGS = NO;
				SWIFT_VERSION = 5.0;
				TARGETED_DEVICE_FAMILY = "1,2";
				TEST_TARGET_NAME = DTCCalendarViewDemo;
			};
			name = Release;
		};
/* End XCBuildConfiguration section */

/* Begin XCConfigurationList section */
		186985F028F961FB001A9566 /* Build configuration list for PBXProject "DTCCalendarViewDemo" */ = {
			isa = XCConfigurationList;
			buildConfigurations = (
				1869861D28F961FD001A9566 /* Debug */,
				1869861E28F961FD001A9566 /* Release */,
			);
			defaultConfigurationIsVisible = 0;
			defaultConfigurationName = Release;
		};
		1869861F28F961FD001A9566 /* Build configuration list for PBXNativeTarget "DTCCalendarViewDemo" */ = {
			isa = XCConfigurationList;
			buildConfigurations = (
				1869862028F961FD001A9566 /* Debug */,
				1869862128F961FD001A9566 /* Release */,
			);
			defaultConfigurationIsVisible = 0;
			defaultConfigurationName = Release;
		};
		1869862228F961FD001A9566 /* Build configuration list for PBXNativeTarget "DTCCalendarViewDemoTests" */ = {
			isa = XCConfigurationList;
			buildConfigurations = (
				1869862328F961FD001A9566 /* Debug */,
				1869862428F961FD001A9566 /* Release */,
			);
			defaultConfigurationIsVisible = 0;
			defaultConfigurationName = Release;
		};
		1869862528F961FD001A9566 /* Build configuration list for PBXNativeTarget "DTCCalendarViewDemoUITests" */ = {
			isa = XCConfigurationList;
			buildConfigurations = (
				1869862628F961FD001A9566 /* Debug */,
				1869862728F961FD001A9566 /* Release */,
			);
			defaultConfigurationIsVisible = 0;
			defaultConfigurationName = Release;
		};
/* End XCConfigurationList section */
	};
	rootObject = 186985ED28F961FB001A9566 /* Project object */;
}
